// !$*UTF8*$!
{
	archiveVersion = 1;
	classes = {
	};
	objectVersion = 50;
	objects = {

/* Begin PBXBuildFile section */
		DC16E05E272D8FDF001E676C /* MainViewController.swift in Sources */ = {isa = PBXBuildFile; fileRef = DC16E05D272D8FDF001E676C /* MainViewController.swift */; };
		DC16E06F272D9944001E676C /* FilterTableViewCell.swift in Sources */ = {isa = PBXBuildFile; fileRef = DC16E06D272D9944001E676C /* FilterTableViewCell.swift */; };
		DC16E070272D9944001E676C /* FilterTableViewCell.xib in Resources */ = {isa = PBXBuildFile; fileRef = DC16E06E272D9944001E676C /* FilterTableViewCell.xib */; };
		DC16E076272D9B70001E676C /* CosmosDistrib.swift in Sources */ = {isa = PBXBuildFile; fileRef = DC16E075272D9B70001E676C /* CosmosDistrib.swift */; };
		DC16E07C272D9BEF001E676C /* VehicleTableViewCell.swift in Sources */ = {isa = PBXBuildFile; fileRef = DC16E07A272D9BEF001E676C /* VehicleTableViewCell.swift */; };
		DC16E07D272D9BEF001E676C /* VehicleTableViewCell.xib in Resources */ = {isa = PBXBuildFile; fileRef = DC16E07B272D9BEF001E676C /* VehicleTableViewCell.xib */; };
		DC16E082272D9FDB001E676C /* VehicleModel.swift in Sources */ = {isa = PBXBuildFile; fileRef = DC16E081272D9FDB001E676C /* VehicleModel.swift */; };
		DC16E088272DA3DD001E676C /* Service.swift in Sources */ = {isa = PBXBuildFile; fileRef = DC16E087272DA3DD001E676C /* Service.swift */; };
		DC16E090272DA8EE001E676C /* UITableView+Extension.swift in Sources */ = {isa = PBXBuildFile; fileRef = DC16E08F272DA8EE001E676C /* UITableView+Extension.swift */; };
		DC16E09B272E18CE001E676C /* UITextField+Extension.swift in Sources */ = {isa = PBXBuildFile; fileRef = DC16E09A272E18CE001E676C /* UITextField+Extension.swift */; };
		DC16E0A9272E2D1C001E676C /* Optional+Extension.swift in Sources */ = {isa = PBXBuildFile; fileRef = DC16E0A8272E2D1C001E676C /* Optional+Extension.swift */; };
		DCB3162E272FA56300600D3D /* UIViewController+Extension.swift in Sources */ = {isa = PBXBuildFile; fileRef = DCB3162D272FA56300600D3D /* UIViewController+Extension.swift */; };
		DCB31633272FD44300600D3D /* ToolbarPickerView.swift in Sources */ = {isa = PBXBuildFile; fileRef = DCB31632272FD44300600D3D /* ToolbarPickerView.swift */; };
		DCB316732730419500600D3D /* CoreDataManager.swift in Sources */ = {isa = PBXBuildFile; fileRef = DCB3164A2730362C00600D3D /* CoreDataManager.swift */; };
		DCB3167F2730419E00600D3D /* Guidomia.xcdatamodeld in Sources */ = {isa = PBXBuildFile; fileRef = DCB3163827302BF300600D3D /* Guidomia.xcdatamodeld */; };
		DCB316842730421900600D3D /* VehicleListCoreData.swift in Sources */ = {isa = PBXBuildFile; fileRef = DCB316832730421900600D3D /* VehicleListCoreData.swift */; };
		DCC49D25272D45F000DADB4D /* AppDelegate.swift in Sources */ = {isa = PBXBuildFile; fileRef = DCC49D24272D45F000DADB4D /* AppDelegate.swift */; };
		DCC49D27272D45F000DADB4D /* SceneDelegate.swift in Sources */ = {isa = PBXBuildFile; fileRef = DCC49D26272D45F000DADB4D /* SceneDelegate.swift */; };
		DCC49D2C272D45F000DADB4D /* Main.storyboard in Resources */ = {isa = PBXBuildFile; fileRef = DCC49D2A272D45F000DADB4D /* Main.storyboard */; };
		DCC49D2E272D45F200DADB4D /* Assets.xcassets in Resources */ = {isa = PBXBuildFile; fileRef = DCC49D2D272D45F200DADB4D /* Assets.xcassets */; };
		DCC49D31272D45F200DADB4D /* LaunchScreen.storyboard in Resources */ = {isa = PBXBuildFile; fileRef = DCC49D2F272D45F200DADB4D /* LaunchScreen.storyboard */; };
		DCC49D3C272D45F300DADB4D /* GuidomiaTests.swift in Sources */ = {isa = PBXBuildFile; fileRef = DCC49D3B272D45F300DADB4D /* GuidomiaTests.swift */; };
		DCC49D64272D494700DADB4D /* Constant.swift in Sources */ = {isa = PBXBuildFile; fileRef = DCC49D63272D494700DADB4D /* Constant.swift */; };
		DCC49D6D272D499400DADB4D /* UIColor+Extension.swift in Sources */ = {isa = PBXBuildFile; fileRef = DCC49D6C272D499400DADB4D /* UIColor+Extension.swift */; };
		DCC49D72272D4A0900DADB4D /* car_list.json in Resources */ = {isa = PBXBuildFile; fileRef = DCC49D71272D4A0900DADB4D /* car_list.json */; };
		DCC49D84272D77FE00DADB4D /* MainViewModel.swift in Sources */ = {isa = PBXBuildFile; fileRef = DCC49D83272D77FD00DADB4D /* MainViewModel.swift */; };
		DCC49D8D272D8B2400DADB4D /* UIView+Extension.swift in Sources */ = {isa = PBXBuildFile; fileRef = DCC49D8C272D8B2400DADB4D /* UIView+Extension.swift */; };
		DCC49D97272D8B9400DADB4D /* BaseViewController.swift in Sources */ = {isa = PBXBuildFile; fileRef = DCC49D96272D8B9400DADB4D /* BaseViewController.swift */; };
/* End PBXBuildFile section */

/* Begin PBXContainerItemProxy section */
		DCC49D38272D45F300DADB4D /* PBXContainerItemProxy */ = {
			isa = PBXContainerItemProxy;
			containerPortal = DCC49D19272D45F000DADB4D /* Project object */;
			proxyType = 1;
			remoteGlobalIDString = DCC49D20272D45F000DADB4D;
			remoteInfo = Guidomia;
		};
/* End PBXContainerItemProxy section */

/* Begin PBXFileReference section */
		DC16E05D272D8FDF001E676C /* MainViewController.swift */ = {isa = PBXFileReference; lastKnownFileType = sourcecode.swift; path = MainViewController.swift; sourceTree = "<group>"; };
		DC16E06D272D9944001E676C /* FilterTableViewCell.swift */ = {isa = PBXFileReference; lastKnownFileType = sourcecode.swift; path = FilterTableViewCell.swift; sourceTree = "<group>"; };
		DC16E06E272D9944001E676C /* FilterTableViewCell.xib */ = {isa = PBXFileReference; lastKnownFileType = file.xib; path = FilterTableViewCell.xib; sourceTree = "<group>"; };
		DC16E075272D9B70001E676C /* CosmosDistrib.swift */ = {isa = PBXFileReference; fileEncoding = 4; lastKnownFileType = sourcecode.swift; path = CosmosDistrib.swift; sourceTree = "<group>"; };
		DC16E07A272D9BEF001E676C /* VehicleTableViewCell.swift */ = {isa = PBXFileReference; lastKnownFileType = sourcecode.swift; path = VehicleTableViewCell.swift; sourceTree = "<group>"; };
		DC16E07B272D9BEF001E676C /* VehicleTableViewCell.xib */ = {isa = PBXFileReference; lastKnownFileType = file.xib; path = VehicleTableViewCell.xib; sourceTree = "<group>"; };
		DC16E081272D9FDB001E676C /* VehicleModel.swift */ = {isa = PBXFileReference; lastKnownFileType = sourcecode.swift; path = VehicleModel.swift; sourceTree = "<group>"; };
		DC16E087272DA3DD001E676C /* Service.swift */ = {isa = PBXFileReference; lastKnownFileType = sourcecode.swift; path = Service.swift; sourceTree = "<group>"; };
		DC16E08F272DA8EE001E676C /* UITableView+Extension.swift */ = {isa = PBXFileReference; lastKnownFileType = sourcecode.swift; path = "UITableView+Extension.swift"; sourceTree = "<group>"; };
		DC16E09A272E18CE001E676C /* UITextField+Extension.swift */ = {isa = PBXFileReference; lastKnownFileType = sourcecode.swift; path = "UITextField+Extension.swift"; sourceTree = "<group>"; };
		DC16E0A8272E2D1C001E676C /* Optional+Extension.swift */ = {isa = PBXFileReference; lastKnownFileType = sourcecode.swift; path = "Optional+Extension.swift"; sourceTree = "<group>"; };
		DCB3162D272FA56300600D3D /* UIViewController+Extension.swift */ = {isa = PBXFileReference; lastKnownFileType = sourcecode.swift; path = "UIViewController+Extension.swift"; sourceTree = "<group>"; };
		DCB31632272FD44300600D3D /* ToolbarPickerView.swift */ = {isa = PBXFileReference; lastKnownFileType = sourcecode.swift; path = ToolbarPickerView.swift; sourceTree = "<group>"; };
		DCB3163927302BF300600D3D /* Guidomia.xcdatamodel */ = {isa = PBXFileReference; lastKnownFileType = wrapper.xcdatamodel; path = Guidomia.xcdatamodel; sourceTree = "<group>"; };
		DCB3164A2730362C00600D3D /* CoreDataManager.swift */ = {isa = PBXFileReference; lastKnownFileType = sourcecode.swift; path = CoreDataManager.swift; sourceTree = "<group>"; };
		DCB316832730421900600D3D /* VehicleListCoreData.swift */ = {isa = PBXFileReference; lastKnownFileType = sourcecode.swift; path = VehicleListCoreData.swift; sourceTree = "<group>"; };
		DCC49D21272D45F000DADB4D /* Guidomia.app */ = {isa = PBXFileReference; explicitFileType = wrapper.application; includeInIndex = 0; path = Guidomia.app; sourceTree = BUILT_PRODUCTS_DIR; };
		DCC49D24272D45F000DADB4D /* AppDelegate.swift */ = {isa = PBXFileReference; lastKnownFileType = sourcecode.swift; path = AppDelegate.swift; sourceTree = "<group>"; };
		DCC49D26272D45F000DADB4D /* SceneDelegate.swift */ = {isa = PBXFileReference; lastKnownFileType = sourcecode.swift; path = SceneDelegate.swift; sourceTree = "<group>"; };
		DCC49D2B272D45F000DADB4D /* Base */ = {isa = PBXFileReference; lastKnownFileType = file.storyboard; name = Base; path = Base.lproj/Main.storyboard; sourceTree = "<group>"; };
		DCC49D2D272D45F200DADB4D /* Assets.xcassets */ = {isa = PBXFileReference; lastKnownFileType = folder.assetcatalog; path = Assets.xcassets; sourceTree = "<group>"; };
		DCC49D30272D45F200DADB4D /* Base */ = {isa = PBXFileReference; lastKnownFileType = file.storyboard; name = Base; path = Base.lproj/LaunchScreen.storyboard; sourceTree = "<group>"; };
		DCC49D32272D45F200DADB4D /* Info.plist */ = {isa = PBXFileReference; lastKnownFileType = text.plist.xml; path = Info.plist; sourceTree = "<group>"; };
		DCC49D37272D45F300DADB4D /* GuidomiaTests.xctest */ = {isa = PBXFileReference; explicitFileType = wrapper.cfbundle; includeInIndex = 0; path = GuidomiaTests.xctest; sourceTree = BUILT_PRODUCTS_DIR; };
		DCC49D3B272D45F300DADB4D /* GuidomiaTests.swift */ = {isa = PBXFileReference; lastKnownFileType = sourcecode.swift; path = GuidomiaTests.swift; sourceTree = "<group>"; };
		DCC49D3D272D45F300DADB4D /* Info.plist */ = {isa = PBXFileReference; lastKnownFileType = text.plist.xml; path = Info.plist; sourceTree = "<group>"; };
		DCC49D63272D494700DADB4D /* Constant.swift */ = {isa = PBXFileReference; lastKnownFileType = sourcecode.swift; path = Constant.swift; sourceTree = "<group>"; };
		DCC49D6C272D499400DADB4D /* UIColor+Extension.swift */ = {isa = PBXFileReference; lastKnownFileType = sourcecode.swift; path = "UIColor+Extension.swift"; sourceTree = "<group>"; };
		DCC49D71272D4A0900DADB4D /* car_list.json */ = {isa = PBXFileReference; fileEncoding = 4; lastKnownFileType = text.json; path = car_list.json; sourceTree = "<group>"; };
		DCC49D83272D77FD00DADB4D /* MainViewModel.swift */ = {isa = PBXFileReference; lastKnownFileType = sourcecode.swift; path = MainViewModel.swift; sourceTree = "<group>"; };
		DCC49D8C272D8B2400DADB4D /* UIView+Extension.swift */ = {isa = PBXFileReference; lastKnownFileType = sourcecode.swift; path = "UIView+Extension.swift"; sourceTree = "<group>"; };
		DCC49D96272D8B9400DADB4D /* BaseViewController.swift */ = {isa = PBXFileReference; lastKnownFileType = sourcecode.swift; path = BaseViewController.swift; sourceTree = "<group>"; };
/* End PBXFileReference section */

/* Begin PBXFrameworksBuildPhase section */
		DCC49D1E272D45F000DADB4D /* Frameworks */ = {
			isa = PBXFrameworksBuildPhase;
			buildActionMask = 2147483647;
			files = (
			);
			runOnlyForDeploymentPostprocessing = 0;
		};
		DCC49D34272D45F300DADB4D /* Frameworks */ = {
			isa = PBXFrameworksBuildPhase;
			buildActionMask = 2147483647;
			files = (
			);
			runOnlyForDeploymentPostprocessing = 0;
		};
/* End PBXFrameworksBuildPhase section */

/* Begin PBXGroup section */
		DC16E074272D9B60001E676C /* RatingLibrary */ = {
			isa = PBXGroup;
			children = (
				DC16E075272D9B70001E676C /* CosmosDistrib.swift */,
			);
			path = RatingLibrary;
			sourceTree = "<group>";
		};
		DC16E086272DA3C4001E676C /* Service */ = {
			isa = PBXGroup;
			children = (
				DC16E087272DA3DD001E676C /* Service.swift */,
			);
			path = Service;
			sourceTree = "<group>";
		};
		DC16E09F272E1E63001E676C /* Resources */ = {
			isa = PBXGroup;
			children = (
				DCC49D71272D4A0900DADB4D /* car_list.json */,
				DCC49D2D272D45F200DADB4D /* Assets.xcassets */,
			);
			path = Resources;
			sourceTree = "<group>";
		};
		DCB3163727302BBB00600D3D /* Coredata */ = {
			isa = PBXGroup;
			children = (
				DCB3163827302BF300600D3D /* Guidomia.xcdatamodeld */,
				DCB316832730421900600D3D /* VehicleListCoreData.swift */,
				DCB3164A2730362C00600D3D /* CoreDataManager.swift */,
			);
			path = Coredata;
			sourceTree = "<group>";
		};
		DCC49D18272D45F000DADB4D = {
			isa = PBXGroup;
			children = (
				DCC49D23272D45F000DADB4D /* Guidomia */,
				DCC49D3A272D45F300DADB4D /* GuidomiaTests */,
				DCC49D22272D45F000DADB4D /* Products */,
			);
			sourceTree = "<group>";
		};
		DCC49D22272D45F000DADB4D /* Products */ = {
			isa = PBXGroup;
			children = (
				DCC49D21272D45F000DADB4D /* Guidomia.app */,
				DCC49D37272D45F300DADB4D /* GuidomiaTests.xctest */,
			);
			name = Products;
			sourceTree = "<group>";
		};
		DCC49D23272D45F000DADB4D /* Guidomia */ = {
			isa = PBXGroup;
			children = (
				DCB3163727302BBB00600D3D /* Coredata */,
				DC16E086272DA3C4001E676C /* Service */,
				DCC49D62272D47A900DADB4D /* Utility */,
				DCC49D5F272D473400DADB4D /* ViewModel */,
				DCC49D5E272D471E00DADB4D /* Model */,
				DCC49D5B272D46AF00DADB4D /* View */,
				DCC49D5A272D465500DADB4D /* Common */,
				DC16E09F272E1E63001E676C /* Resources */,
				DCC49D32272D45F200DADB4D /* Info.plist */,
			);
			path = Guidomia;
			sourceTree = "<group>";
		};
		DCC49D3A272D45F300DADB4D /* GuidomiaTests */ = {
			isa = PBXGroup;
			children = (
				DCC49D3B272D45F300DADB4D /* GuidomiaTests.swift */,
				DCC49D3D272D45F300DADB4D /* Info.plist */,
			);
			path = GuidomiaTests;
			sourceTree = "<group>";
		};
		DCC49D5A272D465500DADB4D /* Common */ = {
			isa = PBXGroup;
			children = (
				DCC49D24272D45F000DADB4D /* AppDelegate.swift */,
				DCC49D26272D45F000DADB4D /* SceneDelegate.swift */,
			);
			path = Common;
			sourceTree = "<group>";
		};
		DCC49D5B272D46AF00DADB4D /* View */ = {
			isa = PBXGroup;
			children = (
				DCC49D61272D476700DADB4D /* TableViewCells */,
				DCC49D5D272D46E800DADB4D /* Storyboard */,
				DCC49D96272D8B9400DADB4D /* BaseViewController.swift */,
				DC16E05D272D8FDF001E676C /* MainViewController.swift */,
			);
			path = View;
			sourceTree = "<group>";
		};
		DCC49D5D272D46E800DADB4D /* Storyboard */ = {
			isa = PBXGroup;
			children = (
				DCC49D2A272D45F000DADB4D /* Main.storyboard */,
				DCC49D2F272D45F200DADB4D /* LaunchScreen.storyboard */,
			);
			path = Storyboard;
			sourceTree = "<group>";
		};
		DCC49D5E272D471E00DADB4D /* Model */ = {
			isa = PBXGroup;
			children = (
				DC16E081272D9FDB001E676C /* VehicleModel.swift */,
			);
			path = Model;
			sourceTree = "<group>";
		};
		DCC49D5F272D473400DADB4D /* ViewModel */ = {
			isa = PBXGroup;
			children = (
				DCC49D83272D77FD00DADB4D /* MainViewModel.swift */,
			);
			path = ViewModel;
			sourceTree = "<group>";
		};
		DCC49D61272D476700DADB4D /* TableViewCells */ = {
			isa = PBXGroup;
			children = (
				DC16E06D272D9944001E676C /* FilterTableViewCell.swift */,
				DC16E06E272D9944001E676C /* FilterTableViewCell.xib */,
				DC16E07A272D9BEF001E676C /* VehicleTableViewCell.swift */,
				DC16E07B272D9BEF001E676C /* VehicleTableViewCell.xib */,
			);
			path = TableViewCells;
			sourceTree = "<group>";
		};
		DCC49D62272D47A900DADB4D /* Utility */ = {
			isa = PBXGroup;
			children = (
				DC16E074272D9B60001E676C /* RatingLibrary */,
				DCC49D88272D8AE600DADB4D /* Extension */,
				DCC49D63272D494700DADB4D /* Constant.swift */,
				DCB31632272FD44300600D3D /* ToolbarPickerView.swift */,
			);
			path = Utility;
			sourceTree = "<group>";
		};
		DCC49D88272D8AE600DADB4D /* Extension */ = {
			isa = PBXGroup;
			children = (
				DCC49D6C272D499400DADB4D /* UIColor+Extension.swift */,
				DCC49D8C272D8B2400DADB4D /* UIView+Extension.swift */,
				DC16E08F272DA8EE001E676C /* UITableView+Extension.swift */,
				DC16E09A272E18CE001E676C /* UITextField+Extension.swift */,
				DC16E0A8272E2D1C001E676C /* Optional+Extension.swift */,
				DCB3162D272FA56300600D3D /* UIViewController+Extension.swift */,
			);
			path = Extension;
			sourceTree = "<group>";
		};
/* End PBXGroup section */

/* Begin PBXNativeTarget section */
		DCC49D20272D45F000DADB4D /* Guidomia */ = {
			isa = PBXNativeTarget;
			buildConfigurationList = DCC49D4B272D45F300DADB4D /* Build configuration list for PBXNativeTarget "Guidomia" */;
			buildPhases = (
				DCC49D1D272D45F000DADB4D /* Sources */,
				DCC49D1E272D45F000DADB4D /* Frameworks */,
				DCC49D1F272D45F000DADB4D /* Resources */,
			);
			buildRules = (
			);
			dependencies = (
			);
			name = Guidomia;
			productName = Guidomia;
			productReference = DCC49D21272D45F000DADB4D /* Guidomia.app */;
			productType = "com.apple.product-type.application";
		};
		DCC49D36272D45F300DADB4D /* GuidomiaTests */ = {
			isa = PBXNativeTarget;
			buildConfigurationList = DCC49D4E272D45F300DADB4D /* Build configuration list for PBXNativeTarget "GuidomiaTests" */;
			buildPhases = (
				DCC49D33272D45F300DADB4D /* Sources */,
				DCC49D34272D45F300DADB4D /* Frameworks */,
				DCC49D35272D45F300DADB4D /* Resources */,
			);
			buildRules = (
			);
			dependencies = (
				DCC49D39272D45F300DADB4D /* PBXTargetDependency */,
			);
			name = GuidomiaTests;
			productName = GuidomiaTests;
			productReference = DCC49D37272D45F300DADB4D /* GuidomiaTests.xctest */;
			productType = "com.apple.product-type.bundle.unit-test";
		};
/* End PBXNativeTarget section */

/* Begin PBXProject section */
		DCC49D19272D45F000DADB4D /* Project object */ = {
			isa = PBXProject;
			attributes = {
				LastSwiftUpdateCheck = 1240;
				LastUpgradeCheck = 1240;
				TargetAttributes = {
					DCC49D20272D45F000DADB4D = {
						CreatedOnToolsVersion = 12.4;
					};
					DCC49D36272D45F300DADB4D = {
						CreatedOnToolsVersion = 12.4;
						TestTargetID = DCC49D20272D45F000DADB4D;
					};
				};
			};
			buildConfigurationList = DCC49D1C272D45F000DADB4D /* Build configuration list for PBXProject "Guidomia" */;
			compatibilityVersion = "Xcode 9.3";
			developmentRegion = en;
			hasScannedForEncodings = 0;
			knownRegions = (
				en,
				Base,
			);
			mainGroup = DCC49D18272D45F000DADB4D;
			productRefGroup = DCC49D22272D45F000DADB4D /* Products */;
			projectDirPath = "";
			projectRoot = "";
			targets = (
				DCC49D20272D45F000DADB4D /* Guidomia */,
				DCC49D36272D45F300DADB4D /* GuidomiaTests */,
			);
		};
/* End PBXProject section */

/* Begin PBXResourcesBuildPhase section */
		DCC49D1F272D45F000DADB4D /* Resources */ = {
			isa = PBXResourcesBuildPhase;
			buildActionMask = 2147483647;
			files = (
				DC16E07D272D9BEF001E676C /* VehicleTableViewCell.xib in Resources */,
				DCC49D31272D45F200DADB4D /* LaunchScreen.storyboard in Resources */,
				DCC49D2E272D45F200DADB4D /* Assets.xcassets in Resources */,
				DCC49D72272D4A0900DADB4D /* car_list.json in Resources */,
				DC16E070272D9944001E676C /* FilterTableViewCell.xib in Resources */,
				DCC49D2C272D45F000DADB4D /* Main.storyboard in Resources */,
			);
			runOnlyForDeploymentPostprocessing = 0;
		};
		DCC49D35272D45F300DADB4D /* Resources */ = {
			isa = PBXResourcesBuildPhase;
			buildActionMask = 2147483647;
			files = (
			);
			runOnlyForDeploymentPostprocessing = 0;
		};
/* End PBXResourcesBuildPhase section */

/* Begin PBXSourcesBuildPhase section */
		DCC49D1D272D45F000DADB4D /* Sources */ = {
			isa = PBXSourcesBuildPhase;
			buildActionMask = 2147483647;
			files = (
				DCB316842730421900600D3D /* VehicleListCoreData.swift in Sources */,
				DC16E09B272E18CE001E676C /* UITextField+Extension.swift in Sources */,
				DC16E06F272D9944001E676C /* FilterTableViewCell.swift in Sources */,
				DC16E0A9272E2D1C001E676C /* Optional+Extension.swift in Sources */,
				DCB316732730419500600D3D /* CoreDataManager.swift in Sources */,
				DC16E088272DA3DD001E676C /* Service.swift in Sources */,
				DCB3162E272FA56300600D3D /* UIViewController+Extension.swift in Sources */,
				DCC49D6D272D499400DADB4D /* UIColor+Extension.swift in Sources */,
				DCB31633272FD44300600D3D /* ToolbarPickerView.swift in Sources */,
				DCC49D8D272D8B2400DADB4D /* UIView+Extension.swift in Sources */,
				DC16E076272D9B70001E676C /* CosmosDistrib.swift in Sources */,
				DCC49D25272D45F000DADB4D /* AppDelegate.swift in Sources */,
				DCC49D27272D45F000DADB4D /* SceneDelegate.swift in Sources */,
				DCC49D97272D8B9400DADB4D /* BaseViewController.swift in Sources */,
				DC16E07C272D9BEF001E676C /* VehicleTableViewCell.swift in Sources */,
				DC16E090272DA8EE001E676C /* UITableView+Extension.swift in Sources */,
				DC16E05E272D8FDF001E676C /* MainViewController.swift in Sources */,
				DCC49D64272D494700DADB4D /* Constant.swift in Sources */,
				DC16E082272D9FDB001E676C /* VehicleModel.swift in Sources */,
				DCB3167F2730419E00600D3D /* Guidomia.xcdatamodeld in Sources */,
				DCC49D84272D77FE00DADB4D /* MainViewModel.swift in Sources */,
			);
			runOnlyForDeploymentPostprocessing = 0;
		};
		DCC49D33272D45F300DADB4D /* Sources */ = {
			isa = PBXSourcesBuildPhase;
			buildActionMask = 2147483647;
			files = (
				DCC49D3C272D45F300DADB4D /* GuidomiaTests.swift in Sources */,
			);
			runOnlyForDeploymentPostprocessing = 0;
		};
/* End PBXSourcesBuildPhase section */

/* Begin PBXTargetDependency section */
		DCC49D39272D45F300DADB4D /* PBXTargetDependency */ = {
			isa = PBXTargetDependency;
			target = DCC49D20272D45F000DADB4D /* Guidomia */;
			targetProxy = DCC49D38272D45F300DADB4D /* PBXContainerItemProxy */;
		};
/* End PBXTargetDependency section */

/* Begin PBXVariantGroup section */
		DCC49D2A272D45F000DADB4D /* Main.storyboard */ = {
			isa = PBXVariantGroup;
			children = (
				DCC49D2B272D45F000DADB4D /* Base */,
			);
			name = Main.storyboard;
			sourceTree = "<group>";
		};
		DCC49D2F272D45F200DADB4D /* LaunchScreen.storyboard */ = {
			isa = PBXVariantGroup;
			children = (
				DCC49D30272D45F200DADB4D /* Base */,
			);
			name = LaunchScreen.storyboard;
			sourceTree = "<group>";
		};
/* End PBXVariantGroup section */

/* Begin XCBuildConfiguration section */
		DCC49D49272D45F300DADB4D /* Debug */ = {
			isa = XCBuildConfiguration;
			buildSettings = {
				ALWAYS_SEARCH_USER_PATHS = NO;
				CLANG_ANALYZER_NONNULL = YES;
				CLANG_ANALYZER_NUMBER_OBJECT_CONVERSION = YES_AGGRESSIVE;
				CLANG_CXX_LANGUAGE_STANDARD = "gnu++14";
				CLANG_CXX_LIBRARY = "libc++";
				CLANG_ENABLE_MODULES = YES;
				CLANG_ENABLE_OBJC_ARC = YES;
				CLANG_ENABLE_OBJC_WEAK = YES;
				CLANG_WARN_BLOCK_CAPTURE_AUTORELEASING = YES;
				CLANG_WARN_BOOL_CONVERSION = YES;
				CLANG_WARN_COMMA = YES;
				CLANG_WARN_CONSTANT_CONVERSION = YES;
				CLANG_WARN_DEPRECATED_OBJC_IMPLEMENTATIONS = YES;
				CLANG_WARN_DIRECT_OBJC_ISA_USAGE = YES_ERROR;
				CLANG_WARN_DOCUMENTATION_COMMENTS = YES;
				CLANG_WARN_EMPTY_BODY = YES;
				CLANG_WARN_ENUM_CONVERSION = YES;
				CLANG_WARN_INFINITE_RECURSION = YES;
				CLANG_WARN_INT_CONVERSION = YES;
				CLANG_WARN_NON_LITERAL_NULL_CONVERSION = YES;
				CLANG_WARN_OBJC_IMPLICIT_RETAIN_SELF = YES;
				CLANG_WARN_OBJC_LITERAL_CONVERSION = YES;
				CLANG_WARN_OBJC_ROOT_CLASS = YES_ERROR;
				CLANG_WARN_QUOTED_INCLUDE_IN_FRAMEWORK_HEADER = YES;
				CLANG_WARN_RANGE_LOOP_ANALYSIS = YES;
				CLANG_WARN_STRICT_PROTOTYPES = YES;
				CLANG_WARN_SUSPICIOUS_MOVE = YES;
				CLANG_WARN_UNGUARDED_AVAILABILITY = YES_AGGRESSIVE;
				CLANG_WARN_UNREACHABLE_CODE = YES;
				CLANG_WARN__DUPLICATE_METHOD_MATCH = YES;
				COPY_PHASE_STRIP = NO;
				DEBUG_INFORMATION_FORMAT = dwarf;
				ENABLE_STRICT_OBJC_MSGSEND = YES;
				ENABLE_TESTABILITY = YES;
				GCC_C_LANGUAGE_STANDARD = gnu11;
				GCC_DYNAMIC_NO_PIC = NO;
				GCC_NO_COMMON_BLOCKS = YES;
				GCC_OPTIMIZATION_LEVEL = 0;
				GCC_PREPROCESSOR_DEFINITIONS = (
					"DEBUG=1",
					"$(inherited)",
				);
				GCC_WARN_64_TO_32_BIT_CONVERSION = YES;
				GCC_WARN_ABOUT_RETURN_TYPE = YES_ERROR;
				GCC_WARN_UNDECLARED_SELECTOR = YES;
				GCC_WARN_UNINITIALIZED_AUTOS = YES_AGGRESSIVE;
				GCC_WARN_UNUSED_FUNCTION = YES;
				GCC_WARN_UNUSED_VARIABLE = YES;
				IPHONEOS_DEPLOYMENT_TARGET = 14.4;
				MTL_ENABLE_DEBUG_INFO = INCLUDE_SOURCE;
				MTL_FAST_MATH = YES;
				ONLY_ACTIVE_ARCH = YES;
				SDKROOT = iphoneos;
				SWIFT_ACTIVE_COMPILATION_CONDITIONS = DEBUG;
				SWIFT_OPTIMIZATION_LEVEL = "-Onone";
			};
			name = Debug;
		};
		DCC49D4A272D45F300DADB4D /* Release */ = {
			isa = XCBuildConfiguration;
			buildSettings = {
				ALWAYS_SEARCH_USER_PATHS = NO;
				CLANG_ANALYZER_NONNULL = YES;
				CLANG_ANALYZER_NUMBER_OBJECT_CONVERSION = YES_AGGRESSIVE;
				CLANG_CXX_LANGUAGE_STANDARD = "gnu++14";
				CLANG_CXX_LIBRARY = "libc++";
				CLANG_ENABLE_MODULES = YES;
				CLANG_ENABLE_OBJC_ARC = YES;
				CLANG_ENABLE_OBJC_WEAK = YES;
				CLANG_WARN_BLOCK_CAPTURE_AUTORELEASING = YES;
				CLANG_WARN_BOOL_CONVERSION = YES;
				CLANG_WARN_COMMA = YES;
				CLANG_WARN_CONSTANT_CONVERSION = YES;
				CLANG_WARN_DEPRECATED_OBJC_IMPLEMENTATIONS = YES;
				CLANG_WARN_DIRECT_OBJC_ISA_USAGE = YES_ERROR;
				CLANG_WARN_DOCUMENTATION_COMMENTS = YES;
				CLANG_WARN_EMPTY_BODY = YES;
				CLANG_WARN_ENUM_CONVERSION = YES;
				CLANG_WARN_INFINITE_RECURSION = YES;
				CLANG_WARN_INT_CONVERSION = YES;
				CLANG_WARN_NON_LITERAL_NULL_CONVERSION = YES;
				CLANG_WARN_OBJC_IMPLICIT_RETAIN_SELF = YES;
				CLANG_WARN_OBJC_LITERAL_CONVERSION = YES;
				CLANG_WARN_OBJC_ROOT_CLASS = YES_ERROR;
				CLANG_WARN_QUOTED_INCLUDE_IN_FRAMEWORK_HEADER = YES;
				CLANG_WARN_RANGE_LOOP_ANALYSIS = YES;
				CLANG_WARN_STRICT_PROTOTYPES = YES;
				CLANG_WARN_SUSPICIOUS_MOVE = YES;
				CLANG_WARN_UNGUARDED_AVAILABILITY = YES_AGGRESSIVE;
				CLANG_WARN_UNREACHABLE_CODE = YES;
				CLANG_WARN__DUPLICATE_METHOD_MATCH = YES;
				COPY_PHASE_STRIP = NO;
				DEBUG_INFORMATION_FORMAT = "dwarf-with-dsym";
				ENABLE_NS_ASSERTIONS = NO;
				ENABLE_STRICT_OBJC_MSGSEND = YES;
				GCC_C_LANGUAGE_STANDARD = gnu11;
				GCC_NO_COMMON_BLOCKS = YES;
				GCC_WARN_64_TO_32_BIT_CONVERSION = YES;
				GCC_WARN_ABOUT_RETURN_TYPE = YES_ERROR;
				GCC_WARN_UNDECLARED_SELECTOR = YES;
				GCC_WARN_UNINITIALIZED_AUTOS = YES_AGGRESSIVE;
				GCC_WARN_UNUSED_FUNCTION = YES;
				GCC_WARN_UNUSED_VARIABLE = YES;
				IPHONEOS_DEPLOYMENT_TARGET = 14.4;
				MTL_ENABLE_DEBUG_INFO = NO;
				MTL_FAST_MATH = YES;
				SDKROOT = iphoneos;
				SWIFT_COMPILATION_MODE = wholemodule;
				SWIFT_OPTIMIZATION_LEVEL = "-O";
				VALIDATE_PRODUCT = YES;
			};
			name = Release;
		};
		DCC49D4C272D45F300DADB4D /* Debug */ = {
			isa = XCBuildConfiguration;
			buildSettings = {
				ASSETCATALOG_COMPILER_APPICON_NAME = AppIcon;
				ASSETCATALOG_COMPILER_GLOBAL_ACCENT_COLOR_NAME = AccentColor;
				CODE_SIGN_STYLE = Automatic;
				INFOPLIST_FILE = Guidomia/Info.plist;
				IPHONEOS_DEPLOYMENT_TARGET = 13.0;
				LD_RUNPATH_SEARCH_PATHS = (
					"$(inherited)",
					"@executable_path/Frameworks",
				);
				PRODUCT_BUNDLE_IDENTIFIER = com.app.Guidomia;
				PRODUCT_NAME = "$(TARGET_NAME)";
				SWIFT_VERSION = 5.0;
				TARGETED_DEVICE_FAMILY = 1;
			};
			name = Debug;
		};
		DCC49D4D272D45F300DADB4D /* Release */ = {
			isa = XCBuildConfiguration;
			buildSettings = {
				ASSETCATALOG_COMPILER_APPICON_NAME = AppIcon;
				ASSETCATALOG_COMPILER_GLOBAL_ACCENT_COLOR_NAME = AccentColor;
				CODE_SIGN_STYLE = Automatic;
				INFOPLIST_FILE = Guidomia/Info.plist;
				IPHONEOS_DEPLOYMENT_TARGET = 13.0;
				LD_RUNPATH_SEARCH_PATHS = (
					"$(inherited)",
					"@executable_path/Frameworks",
				);
				PRODUCT_BUNDLE_IDENTIFIER = com.app.Guidomia;
				PRODUCT_NAME = "$(TARGET_NAME)";
				SWIFT_VERSION = 5.0;
				TARGETED_DEVICE_FAMILY = 1;
			};
			name = Release;
		};
		DCC49D4F272D45F300DADB4D /* Debug */ = {
			isa = XCBuildConfiguration;
			buildSettings = {
				ALWAYS_EMBED_SWIFT_STANDARD_LIBRARIES = YES;
				BUNDLE_LOADER = "$(TEST_HOST)";
				CODE_SIGN_STYLE = Automatic;
				INFOPLIST_FILE = GuidomiaTests/Info.plist;
				IPHONEOS_DEPLOYMENT_TARGET = 14.4;
				LD_RUNPATH_SEARCH_PATHS = (
					"$(inherited)",
					"@executable_path/Frameworks",
					"@loader_path/Frameworks",
				);
				PRODUCT_BUNDLE_IDENTIFIER = com.app.GuidomiaTests;
				PRODUCT_NAME = "$(TARGET_NAME)";
				SWIFT_VERSION = 5.0;
				TARGETED_DEVICE_FAMILY = "1,2";
				TEST_HOST = "$(BUILT_PRODUCTS_DIR)/Guidomia.app/Guidomia";
			};
			name = Debug;
		};
		DCC49D50272D45F300DADB4D /* Release */ = {
			isa = XCBuildConfiguration;
			buildSettings = {
				ALWAYS_EMBED_SWIFT_STANDARD_LIBRARIES = YES;
				BUNDLE_LOADER = "$(TEST_HOST)";
				CODE_SIGN_STYLE = Automatic;
				INFOPLIST_FILE = GuidomiaTests/Info.plist;
				IPHONEOS_DEPLOYMENT_TARGET = 14.4;
				LD_RUNPATH_SEARCH_PATHS = (
					"$(inherited)",
					"@executable_path/Frameworks",
					"@loader_path/Frameworks",
				);
				PRODUCT_BUNDLE_IDENTIFIER = com.app.GuidomiaTests;
				PRODUCT_NAME = "$(TARGET_NAME)";
				SWIFT_VERSION = 5.0;
				TARGETED_DEVICE_FAMILY = "1,2";
				TEST_HOST = "$(BUILT_PRODUCTS_DIR)/Guidomia.app/Guidomia";
			};
			name = Release;
		};
/* End XCBuildConfiguration section */

/* Begin XCConfigurationList section */
		DCC49D1C272D45F000DADB4D /* Build configuration list for PBXProject "Guidomia" */ = {
			isa = XCConfigurationList;
			buildConfigurations = (
				DCC49D49272D45F300DADB4D /* Debug */,
				DCC49D4A272D45F300DADB4D /* Release */,
			);
			defaultConfigurationIsVisible = 0;
			defaultConfigurationName = Release;
		};
		DCC49D4B272D45F300DADB4D /* Build configuration list for PBXNativeTarget "Guidomia" */ = {
			isa = XCConfigurationList;
			buildConfigurations = (
				DCC49D4C272D45F300DADB4D /* Debug */,
				DCC49D4D272D45F300DADB4D /* Release */,
			);
			defaultConfigurationIsVisible = 0;
			defaultConfigurationName = Release;
		};
		DCC49D4E272D45F300DADB4D /* Build configuration list for PBXNativeTarget "GuidomiaTests" */ = {
			isa = XCConfigurationList;
			buildConfigurations = (
				DCC49D4F272D45F300DADB4D /* Debug */,
				DCC49D50272D45F300DADB4D /* Release */,
			);
			defaultConfigurationIsVisible = 0;
			defaultConfigurationName = Release;
		};
/* End XCConfigurationList section */

/* Begin XCVersionGroup section */
		DCB3163827302BF300600D3D /* Guidomia.xcdatamodeld */ = {
			isa = XCVersionGroup;
			children = (
				DCB3163927302BF300600D3D /* Guidomia.xcdatamodel */,
			);
			currentVersion = DCB3163927302BF300600D3D /* Guidomia.xcdatamodel */;
			path = Guidomia.xcdatamodeld;
			sourceTree = "<group>";
			versionGroupType = wrapper.xcdatamodel;
		};
/* End XCVersionGroup section */
	};
	rootObject = DCC49D19272D45F000DADB4D /* Project object */;
}
